
Microsoft Visual Studio Solution File, Format Version 12.00
# Visual Studio Version 17
VisualStudioVersion = 17.1.32319.34
MinimumVisualStudioVersion = 10.0.40219.1
Project("{FAE04EC0-301F-11D3-BF4B-00C04F79EFBC}") = "ConsoleCalculator", "ConsoleCalculator\ConsoleCalculator.csproj", "{5155763A-B4C8-4F17-A40A-E98353DDE949}"
EndProject
Global
	GlobalSection(SolutionConfigurationPlatforms) = preSolution
		Debug|Any CPU = Debug|Any CPU
		Release|Any CPU = Release|Any CPU
	EndGlobalSection
	GlobalSection(ProjectConfigurationPlatforms) = postSolution
		{5155763A-B4C8-4F17-A40A-E98353DDE949}.Debug|Any CPU.ActiveCfg = Debug|Any CPU
		{5155763A-B4C8-4F17-A40A-E98353DDE949}.Debug|Any CPU.Build.0 = Debug|Any CPU
		{5155763A-B4C8-4F17-A40A-E98353DDE949}.Release|Any CPU.ActiveCfg = Release|Any CPU
		{5155763A-B4C8-4F17-A40A-E98353DDE949}.Release|Any CPU.Build.0 = Release|Any CPU
	EndGlobalSection
	GlobalSection(SolutionProperties) = preSolution
		HideSolutionNode = FALSE
	EndGlobalSection
	GlobalSection(ExtensibilityGlobals) = postSolution
		SolutionGuid = {2CE539A1-17A0-4F5C-ADC8-B56D0209D139}
	EndGlobalSection
EndGlobal
